
Microsoft Visual Studio Solution File, Format Version 12.00
# Visual Studio Version 17
VisualStudioVersion = 17.1.32328.378
MinimumVisualStudioVersion = 10.0.40219.1
Project("{FAE04EC0-301F-11D3-BF4B-00C04F79EFBC}") = "NUnitTesting", "NUnitTesting\NUnitTesting.csproj", "{3E92D6DE-5D35-43AA-A2DA-0E3AA6D5AD97}"
EndProject
Project("{FAE04EC0-301F-11D3-BF4B-00C04F79EFBC}") = "Areas Program", "Areas Program\Areas Program.csproj", "{AC2FAA65-1FFF-4A5B-BFFD-C0E87647542B}"
EndProject
Global
	GlobalSection(SolutionConfigurationPlatforms) = preSolution
		Debug|Any CPU = Debug|Any CPU
		Release|Any CPU = Release|Any CPU
	EndGlobalSection
	GlobalSection(ProjectConfigurationPlatforms) = postSolution
		{3E92D6DE-5D35-43AA-A2DA-0E3AA6D5AD97}.Debug|Any CPU.ActiveCfg = Debug|Any CPU
		{3E92D6DE-5D35-43AA-A2DA-0E3AA6D5AD97}.Debug|Any CPU.Build.0 = Debug|Any CPU
		{3E92D6DE-5D35-43AA-A2DA-0E3AA6D5AD97}.Release|Any CPU.ActiveCfg = Release|Any CPU
		{3E92D6DE-5D35-43AA-A2DA-0E3AA6D5AD97}.Release|Any CPU.Build.0 = Release|Any CPU
		{AC2FAA65-1FFF-4A5B-BFFD-C0E87647542B}.Debug|Any CPU.ActiveCfg = Debug|Any CPU
		{AC2FAA65-1FFF-4A5B-BFFD-C0E87647542B}.Debug|Any CPU.Build.0 = Debug|Any CPU
		{AC2FAA65-1FFF-4A5B-BFFD-C0E87647542B}.Release|Any CPU.ActiveCfg = Release|Any CPU
		{AC2FAA65-1FFF-4A5B-BFFD-C0E87647542B}.Release|Any CPU.Build.0 = Release|Any CPU
	EndGlobalSection
	GlobalSection(SolutionProperties) = preSolution
		HideSolutionNode = FALSE
	EndGlobalSection
	GlobalSection(ExtensibilityGlobals) = postSolution
		SolutionGuid = {6EBDE5CA-E7F7-411C-AEF6-E343531551DF}
	EndGlobalSection
EndGlobal
