
Microsoft Visual Studio Solution File, Format Version 12.00
# Visual Studio Version 17
VisualStudioVersion = 17.1.32328.378
MinimumVisualStudioVersion = 10.0.40219.1
Project("{FAE04EC0-301F-11D3-BF4B-00C04F79EFBC}") = "Interfaces", "Interfaces\Interfaces.csproj", "{12558ED5-1992-4DB2-9EC0-A301724AC569}"
EndProject
Global
	GlobalSection(SolutionConfigurationPlatforms) = preSolution
		Debug|Any CPU = Debug|Any CPU
		Release|Any CPU = Release|Any CPU
	EndGlobalSection
	GlobalSection(ProjectConfigurationPlatforms) = postSolution
		{12558ED5-1992-4DB2-9EC0-A301724AC569}.Debug|Any CPU.ActiveCfg = Debug|Any CPU
		{12558ED5-1992-4DB2-9EC0-A301724AC569}.Debug|Any CPU.Build.0 = Debug|Any CPU
		{12558ED5-1992-4DB2-9EC0-A301724AC569}.Release|Any CPU.ActiveCfg = Release|Any CPU
		{12558ED5-1992-4DB2-9EC0-A301724AC569}.Release|Any CPU.Build.0 = Release|Any CPU
	EndGlobalSection
	GlobalSection(SolutionProperties) = preSolution
		HideSolutionNode = FALSE
	EndGlobalSection
	GlobalSection(ExtensibilityGlobals) = postSolution
		SolutionGuid = {22F80DCC-70EE-4552-A5B7-8528A0AFC8DB}
	EndGlobalSection
EndGlobal
