
Microsoft Visual Studio Solution File, Format Version 12.00
# Visual Studio Version 17
VisualStudioVersion = 17.1.32328.378
MinimumVisualStudioVersion = 10.0.40219.1
Project("{FAE04EC0-301F-11D3-BF4B-00C04F79EFBC}") = "Problem1", "Problem1\Problem1.csproj", "{C629CC5F-6710-4F46-8C1D-65F492A2FBBB}"
EndProject
Project("{FAE04EC0-301F-11D3-BF4B-00C04F79EFBC}") = "Problem2", "Problem2\Problem2.csproj", "{A5B15A5D-D53D-4CBB-B8FE-DE85E9552BBD}"
EndProject
Global
	GlobalSection(SolutionConfigurationPlatforms) = preSolution
		Debug|Any CPU = Debug|Any CPU
		Release|Any CPU = Release|Any CPU
	EndGlobalSection
	GlobalSection(ProjectConfigurationPlatforms) = postSolution
		{C629CC5F-6710-4F46-8C1D-65F492A2FBBB}.Debug|Any CPU.ActiveCfg = Debug|Any CPU
		{C629CC5F-6710-4F46-8C1D-65F492A2FBBB}.Debug|Any CPU.Build.0 = Debug|Any CPU
		{C629CC5F-6710-4F46-8C1D-65F492A2FBBB}.Release|Any CPU.ActiveCfg = Release|Any CPU
		{C629CC5F-6710-4F46-8C1D-65F492A2FBBB}.Release|Any CPU.Build.0 = Release|Any CPU
		{A5B15A5D-D53D-4CBB-B8FE-DE85E9552BBD}.Debug|Any CPU.ActiveCfg = Debug|Any CPU
		{A5B15A5D-D53D-4CBB-B8FE-DE85E9552BBD}.Debug|Any CPU.Build.0 = Debug|Any CPU
		{A5B15A5D-D53D-4CBB-B8FE-DE85E9552BBD}.Release|Any CPU.ActiveCfg = Release|Any CPU
		{A5B15A5D-D53D-4CBB-B8FE-DE85E9552BBD}.Release|Any CPU.Build.0 = Release|Any CPU
	EndGlobalSection
	GlobalSection(SolutionProperties) = preSolution
		HideSolutionNode = FALSE
	EndGlobalSection
	GlobalSection(ExtensibilityGlobals) = postSolution
		SolutionGuid = {F5243E16-F24F-404B-A301-E2059F24B5DD}
	EndGlobalSection
EndGlobal
