
Microsoft Visual Studio Solution File, Format Version 12.00
# Visual Studio Version 17
VisualStudioVersion = 17.1.32328.378
MinimumVisualStudioVersion = 10.0.40219.1
Project("{FAE04EC0-301F-11D3-BF4B-00C04F79EFBC}") = "Problem1", "Problem1\Problem1.csproj", "{C629CC5F-6710-4F46-8C1D-65F492A2FBBB}"
EndProject
Project("{FAE04EC0-301F-11D3-BF4B-00C04F79EFBC}") = "Problem2", "Problem2\Problem2.csproj", "{A5B15A5D-D53D-4CBB-B8FE-DE85E9552BBD}"
EndProject
Project("{FAE04EC0-301F-11D3-BF4B-00C04F79EFBC}") = "Problem3", "Problem3\Problem3.csproj", "{4438A3BA-966A-4932-9FF0-F7176FB85D63}"
EndProject
Project("{FAE04EC0-301F-11D3-BF4B-00C04F79EFBC}") = "Problem4", "Problem4\Problem4.csproj", "{E59ADA76-AAFB-44D3-8F11-1CE05ACBE0CD}"
EndProject
Project("{FAE04EC0-301F-11D3-BF4B-00C04F79EFBC}") = "Problem5", "Problem5\Problem5.csproj", "{D37E731B-4AAE-4013-9A84-75A49F0A00EB}"
EndProject
Project("{FAE04EC0-301F-11D3-BF4B-00C04F79EFBC}") = "Problem6", "Problem6\Problem6.csproj", "{E03C4354-C2B6-4A45-A7C2-6DBBBA0DC9E8}"
EndProject
Global
	GlobalSection(SolutionConfigurationPlatforms) = preSolution
		Debug|Any CPU = Debug|Any CPU
		Release|Any CPU = Release|Any CPU
	EndGlobalSection
	GlobalSection(ProjectConfigurationPlatforms) = postSolution
		{C629CC5F-6710-4F46-8C1D-65F492A2FBBB}.Debug|Any CPU.ActiveCfg = Debug|Any CPU
		{C629CC5F-6710-4F46-8C1D-65F492A2FBBB}.Debug|Any CPU.Build.0 = Debug|Any CPU
		{C629CC5F-6710-4F46-8C1D-65F492A2FBBB}.Release|Any CPU.ActiveCfg = Release|Any CPU
		{C629CC5F-6710-4F46-8C1D-65F492A2FBBB}.Release|Any CPU.Build.0 = Release|Any CPU
		{A5B15A5D-D53D-4CBB-B8FE-DE85E9552BBD}.Debug|Any CPU.ActiveCfg = Debug|Any CPU
		{A5B15A5D-D53D-4CBB-B8FE-DE85E9552BBD}.Debug|Any CPU.Build.0 = Debug|Any CPU
		{A5B15A5D-D53D-4CBB-B8FE-DE85E9552BBD}.Release|Any CPU.ActiveCfg = Release|Any CPU
		{A5B15A5D-D53D-4CBB-B8FE-DE85E9552BBD}.Release|Any CPU.Build.0 = Release|Any CPU
		{4438A3BA-966A-4932-9FF0-F7176FB85D63}.Debug|Any CPU.ActiveCfg = Debug|Any CPU
		{4438A3BA-966A-4932-9FF0-F7176FB85D63}.Debug|Any CPU.Build.0 = Debug|Any CPU
		{4438A3BA-966A-4932-9FF0-F7176FB85D63}.Release|Any CPU.ActiveCfg = Release|Any CPU
		{4438A3BA-966A-4932-9FF0-F7176FB85D63}.Release|Any CPU.Build.0 = Release|Any CPU
		{E59ADA76-AAFB-44D3-8F11-1CE05ACBE0CD}.Debug|Any CPU.ActiveCfg = Debug|Any CPU
		{E59ADA76-AAFB-44D3-8F11-1CE05ACBE0CD}.Debug|Any CPU.Build.0 = Debug|Any CPU
		{E59ADA76-AAFB-44D3-8F11-1CE05ACBE0CD}.Release|Any CPU.ActiveCfg = Release|Any CPU
		{E59ADA76-AAFB-44D3-8F11-1CE05ACBE0CD}.Release|Any CPU.Build.0 = Release|Any CPU
		{D37E731B-4AAE-4013-9A84-75A49F0A00EB}.Debug|Any CPU.ActiveCfg = Debug|Any CPU
		{D37E731B-4AAE-4013-9A84-75A49F0A00EB}.Debug|Any CPU.Build.0 = Debug|Any CPU
		{D37E731B-4AAE-4013-9A84-75A49F0A00EB}.Release|Any CPU.ActiveCfg = Release|Any CPU
		{D37E731B-4AAE-4013-9A84-75A49F0A00EB}.Release|Any CPU.Build.0 = Release|Any CPU
		{E03C4354-C2B6-4A45-A7C2-6DBBBA0DC9E8}.Debug|Any CPU.ActiveCfg = Debug|Any CPU
		{E03C4354-C2B6-4A45-A7C2-6DBBBA0DC9E8}.Debug|Any CPU.Build.0 = Debug|Any CPU
		{E03C4354-C2B6-4A45-A7C2-6DBBBA0DC9E8}.Release|Any CPU.ActiveCfg = Release|Any CPU
		{E03C4354-C2B6-4A45-A7C2-6DBBBA0DC9E8}.Release|Any CPU.Build.0 = Release|Any CPU
	EndGlobalSection
	GlobalSection(SolutionProperties) = preSolution
		HideSolutionNode = FALSE
	EndGlobalSection
	GlobalSection(ExtensibilityGlobals) = postSolution
		SolutionGuid = {F5243E16-F24F-404B-A301-E2059F24B5DD}
	EndGlobalSection
EndGlobal
