
Microsoft Visual Studio Solution File, Format Version 12.00
# Visual Studio Version 17
VisualStudioVersion = 17.1.32328.378
MinimumVisualStudioVersion = 10.0.40219.1
Project("{FAE04EC0-301F-11D3-BF4B-00C04F79EFBC}") = "Hangman", "Hangman\Hangman.csproj", "{1505A338-B72D-47D1-A194-7FA2FD6BA1A6}"
EndProject
Global
	GlobalSection(SolutionConfigurationPlatforms) = preSolution
		Debug|Any CPU = Debug|Any CPU
		Release|Any CPU = Release|Any CPU
	EndGlobalSection
	GlobalSection(ProjectConfigurationPlatforms) = postSolution
		{1505A338-B72D-47D1-A194-7FA2FD6BA1A6}.Debug|Any CPU.ActiveCfg = Debug|Any CPU
		{1505A338-B72D-47D1-A194-7FA2FD6BA1A6}.Debug|Any CPU.Build.0 = Debug|Any CPU
		{1505A338-B72D-47D1-A194-7FA2FD6BA1A6}.Release|Any CPU.ActiveCfg = Release|Any CPU
		{1505A338-B72D-47D1-A194-7FA2FD6BA1A6}.Release|Any CPU.Build.0 = Release|Any CPU
	EndGlobalSection
	GlobalSection(SolutionProperties) = preSolution
		HideSolutionNode = FALSE
	EndGlobalSection
	GlobalSection(ExtensibilityGlobals) = postSolution
		SolutionGuid = {E4D30C0D-52E8-44EA-8652-4B5CF2534071}
	EndGlobalSection
EndGlobal
