
Microsoft Visual Studio Solution File, Format Version 12.00
# Visual Studio Version 17
VisualStudioVersion = 17.1.32328.378
MinimumVisualStudioVersion = 10.0.40219.1
Project("{FAE04EC0-301F-11D3-BF4B-00C04F79EFBC}") = "Server Project", "Server Project\Server Project.csproj", "{A42B1197-3D94-4E22-A47C-8E7E0FC8A585}"
EndProject
Global
	GlobalSection(SolutionConfigurationPlatforms) = preSolution
		Debug|Any CPU = Debug|Any CPU
		Release|Any CPU = Release|Any CPU
	EndGlobalSection
	GlobalSection(ProjectConfigurationPlatforms) = postSolution
		{A42B1197-3D94-4E22-A47C-8E7E0FC8A585}.Debug|Any CPU.ActiveCfg = Debug|Any CPU
		{A42B1197-3D94-4E22-A47C-8E7E0FC8A585}.Debug|Any CPU.Build.0 = Debug|Any CPU
		{A42B1197-3D94-4E22-A47C-8E7E0FC8A585}.Release|Any CPU.ActiveCfg = Release|Any CPU
		{A42B1197-3D94-4E22-A47C-8E7E0FC8A585}.Release|Any CPU.Build.0 = Release|Any CPU
	EndGlobalSection
	GlobalSection(SolutionProperties) = preSolution
		HideSolutionNode = FALSE
	EndGlobalSection
	GlobalSection(ExtensibilityGlobals) = postSolution
		SolutionGuid = {8F61DDDA-218D-422C-8D89-AA27FAA39C26}
	EndGlobalSection
EndGlobal
